
Microsoft Visual Studio Solution File, Format Version 12.00
# Visual Studio Version 17
VisualStudioVersion = 17.8.34330.188
MinimumVisualStudioVersion = 10.0.40219.1
Project("{9A19103F-16F7-4668-BE54-9A1E7A4F7556}") = "DAIS.API", "DAIS.API\DAIS.API.csproj", "{4B1B0C68-A233-42CB-A852-3CEAA5E54C24}"
EndProject
Project("{9A19103F-16F7-4668-BE54-9A1E7A4F7556}") = "DAIS.DataAccess", "DAIS.DataAccess\DAIS.DataAccess.csproj", "{D834DF28-4D6F-4EA4-9F62-84ABB88218DC}"
EndProject
Project("{9A19103F-16F7-4668-BE54-9A1E7A4F7556}") = "DAIS.CoreBusiness", "DAIS.CoreBusiness\DAIS.CoreBusiness.csproj", "{48EA61E8-55E3-4A26-8534-8F9E3E1D5CE0}"
EndProject
Project("{9A19103F-16F7-4668-BE54-9A1E7A4F7556}") = "DAIS.Infrastructure", "DAIS.Infrastructure\DAIS.Infrastructure.csproj", "{8F3E730D-61DF-4BC6-BBFE-956ABBC872C3}"
EndProject
Project("{9A19103F-16F7-4668-BE54-9A1E7A4F7556}") = "DAIS.API.Tests", "DAIS.API.Tests\DAIS.API.Tests.csproj", "{CD628BDE-9F80-4394-B9B0-4D13AFC9677E}"
EndProject
Project("{2150E333-8FDC-42A3-9474-1A3956D46DE8}") = "Tests", "Tests", "{8272F005-DDD4-4463-BA68-40AED18CE5AB}"
EndProject
Project("{9A19103F-16F7-4668-BE54-9A1E7A4F7556}") = "Dais.Metrics", "Dais.Matrics\Dais.Metrics.csproj", "{D45AF78F-C366-4307-96A6-2527A5387859}"
EndProject
Project("{9A19103F-16F7-4668-BE54-9A1E7A4F7556}") = "Dias.Metrics.Tests", "Dias.Metrics.Tests\Dias.Metrics.Tests.csproj", "{E8290CD2-0D2F-42FF-A508-40A0B13A578F}"
EndProject
Project("{9A19103F-16F7-4668-BE54-9A1E7A4F7556}") = "Dias.ExcelSteam", "Dias.ExcelSteam\Dias.ExcelSteam.csproj", "{0C54E4C5-1ACA-4041-9CBD-181CC2E32DFD}"
EndProject
Project("{FAE04EC0-301F-11D3-BF4B-00C04F79EFBC}") = "DAIS.CoreBusiness.Tests", "DAIS.CoreBusiness.Tests\DAIS.CoreBusiness.Tests.csproj", "{98E6BAC7-9EFB-4C0A-AF36-6A1D317E8105}"
EndProject
Global
	GlobalSection(SolutionConfigurationPlatforms) = preSolution
		Debug|Any CPU = Debug|Any CPU
		Release|Any CPU = Release|Any CPU
	EndGlobalSection
	GlobalSection(ProjectConfigurationPlatforms) = postSolution
		{4B1B0C68-A233-42CB-A852-3CEAA5E54C24}.Debug|Any CPU.ActiveCfg = Debug|Any CPU
		{4B1B0C68-A233-42CB-A852-3CEAA5E54C24}.Debug|Any CPU.Build.0 = Debug|Any CPU
		{4B1B0C68-A233-42CB-A852-3CEAA5E54C24}.Release|Any CPU.ActiveCfg = Release|Any CPU
		{4B1B0C68-A233-42CB-A852-3CEAA5E54C24}.Release|Any CPU.Build.0 = Release|Any CPU
		{D834DF28-4D6F-4EA4-9F62-84ABB88218DC}.Debug|Any CPU.ActiveCfg = Debug|Any CPU
		{D834DF28-4D6F-4EA4-9F62-84ABB88218DC}.Debug|Any CPU.Build.0 = Debug|Any CPU
		{D834DF28-4D6F-4EA4-9F62-84ABB88218DC}.Release|Any CPU.ActiveCfg = Release|Any CPU
		{D834DF28-4D6F-4EA4-9F62-84ABB88218DC}.Release|Any CPU.Build.0 = Release|Any CPU
		{48EA61E8-55E3-4A26-8534-8F9E3E1D5CE0}.Debug|Any CPU.ActiveCfg = Debug|Any CPU
		{48EA61E8-55E3-4A26-8534-8F9E3E1D5CE0}.Debug|Any CPU.Build.0 = Debug|Any CPU
		{48EA61E8-55E3-4A26-8534-8F9E3E1D5CE0}.Release|Any CPU.ActiveCfg = Release|Any CPU
		{48EA61E8-55E3-4A26-8534-8F9E3E1D5CE0}.Release|Any CPU.Build.0 = Release|Any CPU
		{8F3E730D-61DF-4BC6-BBFE-956ABBC872C3}.Debug|Any CPU.ActiveCfg = Debug|Any CPU
		{8F3E730D-61DF-4BC6-BBFE-956ABBC872C3}.Debug|Any CPU.Build.0 = Debug|Any CPU
		{8F3E730D-61DF-4BC6-BBFE-956ABBC872C3}.Release|Any CPU.ActiveCfg = Release|Any CPU
		{8F3E730D-61DF-4BC6-BBFE-956ABBC872C3}.Release|Any CPU.Build.0 = Release|Any CPU
		{CD628BDE-9F80-4394-B9B0-4D13AFC9677E}.Debug|Any CPU.ActiveCfg = Debug|Any CPU
		{CD628BDE-9F80-4394-B9B0-4D13AFC9677E}.Debug|Any CPU.Build.0 = Debug|Any CPU
		{CD628BDE-9F80-4394-B9B0-4D13AFC9677E}.Release|Any CPU.ActiveCfg = Release|Any CPU
		{CD628BDE-9F80-4394-B9B0-4D13AFC9677E}.Release|Any CPU.Build.0 = Release|Any CPU
		{D45AF78F-C366-4307-96A6-2527A5387859}.Debug|Any CPU.ActiveCfg = Debug|Any CPU
		{D45AF78F-C366-4307-96A6-2527A5387859}.Debug|Any CPU.Build.0 = Debug|Any CPU
		{D45AF78F-C366-4307-96A6-2527A5387859}.Release|Any CPU.ActiveCfg = Release|Any CPU
		{D45AF78F-C366-4307-96A6-2527A5387859}.Release|Any CPU.Build.0 = Release|Any CPU
		{E8290CD2-0D2F-42FF-A508-40A0B13A578F}.Debug|Any CPU.ActiveCfg = Debug|Any CPU
		{E8290CD2-0D2F-42FF-A508-40A0B13A578F}.Debug|Any CPU.Build.0 = Debug|Any CPU
		{E8290CD2-0D2F-42FF-A508-40A0B13A578F}.Release|Any CPU.ActiveCfg = Release|Any CPU
		{E8290CD2-0D2F-42FF-A508-40A0B13A578F}.Release|Any CPU.Build.0 = Release|Any CPU
		{0C54E4C5-1ACA-4041-9CBD-181CC2E32DFD}.Debug|Any CPU.ActiveCfg = Debug|Any CPU
		{0C54E4C5-1ACA-4041-9CBD-181CC2E32DFD}.Debug|Any CPU.Build.0 = Debug|Any CPU
		{0C54E4C5-1ACA-4041-9CBD-181CC2E32DFD}.Release|Any CPU.ActiveCfg = Release|Any CPU
		{0C54E4C5-1ACA-4041-9CBD-181CC2E32DFD}.Release|Any CPU.Build.0 = Release|Any CPU
		{98E6BAC7-9EFB-4C0A-AF36-6A1D317E8105}.Debug|Any CPU.ActiveCfg = Debug|Any CPU
		{98E6BAC7-9EFB-4C0A-AF36-6A1D317E8105}.Debug|Any CPU.Build.0 = Debug|Any CPU
		{98E6BAC7-9EFB-4C0A-AF36-6A1D317E8105}.Release|Any CPU.ActiveCfg = Release|Any CPU
		{98E6BAC7-9EFB-4C0A-AF36-6A1D317E8105}.Release|Any CPU.Build.0 = Release|Any CPU
	EndGlobalSection
	GlobalSection(SolutionProperties) = preSolution
		HideSolutionNode = FALSE
	EndGlobalSection
	GlobalSection(NestedProjects) = preSolution
		{CD628BDE-9F80-4394-B9B0-4D13AFC9677E} = {8272F005-DDD4-4463-BA68-40AED18CE5AB}
		{E8290CD2-0D2F-42FF-A508-40A0B13A578F} = {8272F005-DDD4-4463-BA68-40AED18CE5AB}
		{98E6BAC7-9EFB-4C0A-AF36-6A1D317E8105} = {8272F005-DDD4-4463-BA68-40AED18CE5AB}
	EndGlobalSection
	GlobalSection(ExtensibilityGlobals) = postSolution
		SolutionGuid = {4B695426-3BC0-4CB3-B0AE-252851416C41}
	EndGlobalSection
EndGlobal
